
Microsoft Visual Studio Solution File, Format Version 12.00
# Visual Studio Version 17
VisualStudioVersion = 17.5.33627.172
MinimumVisualStudioVersion = 10.0.40219.1
Project("{9A19103F-16F7-4668-BE54-9A1E7A4F7556}") = "DataBalk.Task.Api", "DataBalk.Task.Api\DataBalk.Task.Api.csproj", "{B32EA698-151A-449F-B501-4176DDF5DAFF}"
EndProject
Project("{FAE04EC0-301F-11D3-BF4B-00C04F79EFBC}") = "DataBalk.Task.Tests", "DataBalk.Task.Tests\DataBalk.Task.Tests.csproj", "{AF28B9DF-21B6-4401-B983-DCBA1B47A6F1}"
EndProject
Global
	GlobalSection(SolutionConfigurationPlatforms) = preSolution
		Debug|Any CPU = Debug|Any CPU
		Release|Any CPU = Release|Any CPU
	EndGlobalSection
	GlobalSection(ProjectConfigurationPlatforms) = postSolution
		{B32EA698-151A-449F-B501-4176DDF5DAFF}.Debug|Any CPU.ActiveCfg = Debug|Any CPU
		{B32EA698-151A-449F-B501-4176DDF5DAFF}.Debug|Any CPU.Build.0 = Debug|Any CPU
		{B32EA698-151A-449F-B501-4176DDF5DAFF}.Release|Any CPU.ActiveCfg = Release|Any CPU
		{B32EA698-151A-449F-B501-4176DDF5DAFF}.Release|Any CPU.Build.0 = Release|Any CPU
		{AF28B9DF-21B6-4401-B983-DCBA1B47A6F1}.Debug|Any CPU.ActiveCfg = Debug|Any CPU
		{AF28B9DF-21B6-4401-B983-DCBA1B47A6F1}.Debug|Any CPU.Build.0 = Debug|Any CPU
		{AF28B9DF-21B6-4401-B983-DCBA1B47A6F1}.Release|Any CPU.ActiveCfg = Release|Any CPU
		{AF28B9DF-21B6-4401-B983-DCBA1B47A6F1}.Release|Any CPU.Build.0 = Release|Any CPU
	EndGlobalSection
	GlobalSection(SolutionProperties) = preSolution
		HideSolutionNode = FALSE
	EndGlobalSection
	GlobalSection(ExtensibilityGlobals) = postSolution
		SolutionGuid = {A1BF0914-B748-4025-A5E0-250C2D1E2B7C}
	EndGlobalSection
EndGlobal
